
Microsoft Visual Studio Solution File, Format Version 12.00
# Visual Studio Version 17
VisualStudioVersion = 17.8.34408.163
MinimumVisualStudioVersion = 10.0.40219.1
Project("{FAE04EC0-301F-11D3-BF4B-00C04F79EFBC}") = "TravelExplore", "TravelExplore\TravelExplore.csproj", "{B3839401-75DE-463C-945F-8919DADEBB63}"
EndProject
Project("{FAE04EC0-301F-11D3-BF4B-00C04F79EFBC}") = "TravelExplore.Data", "TravelExplore.Data\TravelExplore.Data.csproj", "{285DCF34-DAFB-4BC4-A807-A6321DCCA6EF}"
EndProject
Project("{FAE04EC0-301F-11D3-BF4B-00C04F79EFBC}") = "TravelExplore.Core", "TravelExplore.Core\TravelExplore.Core.csproj", "{A3A677CD-8068-4D5E-978C-31FE612C8042}"
EndProject
Global
	GlobalSection(SolutionConfigurationPlatforms) = preSolution
		Debug|Any CPU = Debug|Any CPU
		Debug|ARM64 = Debug|ARM64
		Debug|x64 = Debug|x64
		Debug|x86 = Debug|x86
		Release|Any CPU = Release|Any CPU
		Release|ARM64 = Release|ARM64
		Release|x64 = Release|x64
		Release|x86 = Release|x86
	EndGlobalSection
	GlobalSection(ProjectConfigurationPlatforms) = postSolution
		{B3839401-75DE-463C-945F-8919DADEBB63}.Debug|Any CPU.ActiveCfg = Debug|x64
		{B3839401-75DE-463C-945F-8919DADEBB63}.Debug|Any CPU.Build.0 = Debug|x64
		{B3839401-75DE-463C-945F-8919DADEBB63}.Debug|Any CPU.Deploy.0 = Debug|x64
		{B3839401-75DE-463C-945F-8919DADEBB63}.Debug|ARM64.ActiveCfg = Debug|ARM64
		{B3839401-75DE-463C-945F-8919DADEBB63}.Debug|ARM64.Build.0 = Debug|ARM64
		{B3839401-75DE-463C-945F-8919DADEBB63}.Debug|ARM64.Deploy.0 = Debug|ARM64
		{B3839401-75DE-463C-945F-8919DADEBB63}.Debug|x64.ActiveCfg = Debug|x64
		{B3839401-75DE-463C-945F-8919DADEBB63}.Debug|x64.Build.0 = Debug|x64
		{B3839401-75DE-463C-945F-8919DADEBB63}.Debug|x64.Deploy.0 = Debug|x64
		{B3839401-75DE-463C-945F-8919DADEBB63}.Debug|x86.ActiveCfg = Debug|x86
		{B3839401-75DE-463C-945F-8919DADEBB63}.Debug|x86.Build.0 = Debug|x86
		{B3839401-75DE-463C-945F-8919DADEBB63}.Debug|x86.Deploy.0 = Debug|x86
		{B3839401-75DE-463C-945F-8919DADEBB63}.Release|Any CPU.ActiveCfg = Release|x64
		{B3839401-75DE-463C-945F-8919DADEBB63}.Release|Any CPU.Build.0 = Release|x64
		{B3839401-75DE-463C-945F-8919DADEBB63}.Release|Any CPU.Deploy.0 = Release|x64
		{B3839401-75DE-463C-945F-8919DADEBB63}.Release|ARM64.ActiveCfg = Release|ARM64
		{B3839401-75DE-463C-945F-8919DADEBB63}.Release|ARM64.Build.0 = Release|ARM64
		{B3839401-75DE-463C-945F-8919DADEBB63}.Release|ARM64.Deploy.0 = Release|ARM64
		{B3839401-75DE-463C-945F-8919DADEBB63}.Release|x64.ActiveCfg = Release|x64
		{B3839401-75DE-463C-945F-8919DADEBB63}.Release|x64.Build.0 = Release|x64
		{B3839401-75DE-463C-945F-8919DADEBB63}.Release|x64.Deploy.0 = Release|x64
		{B3839401-75DE-463C-945F-8919DADEBB63}.Release|x86.ActiveCfg = Release|x86
		{B3839401-75DE-463C-945F-8919DADEBB63}.Release|x86.Build.0 = Release|x86
		{B3839401-75DE-463C-945F-8919DADEBB63}.Release|x86.Deploy.0 = Release|x86
		{285DCF34-DAFB-4BC4-A807-A6321DCCA6EF}.Debug|Any CPU.ActiveCfg = Debug|Any CPU
		{285DCF34-DAFB-4BC4-A807-A6321DCCA6EF}.Debug|Any CPU.Build.0 = Debug|Any CPU
		{285DCF34-DAFB-4BC4-A807-A6321DCCA6EF}.Debug|ARM64.ActiveCfg = Debug|Any CPU
		{285DCF34-DAFB-4BC4-A807-A6321DCCA6EF}.Debug|ARM64.Build.0 = Debug|Any CPU
		{285DCF34-DAFB-4BC4-A807-A6321DCCA6EF}.Debug|x64.ActiveCfg = Debug|Any CPU
		{285DCF34-DAFB-4BC4-A807-A6321DCCA6EF}.Debug|x64.Build.0 = Debug|Any CPU
		{285DCF34-DAFB-4BC4-A807-A6321DCCA6EF}.Debug|x86.ActiveCfg = Debug|Any CPU
		{285DCF34-DAFB-4BC4-A807-A6321DCCA6EF}.Debug|x86.Build.0 = Debug|Any CPU
		{285DCF34-DAFB-4BC4-A807-A6321DCCA6EF}.Release|Any CPU.ActiveCfg = Release|Any CPU
		{285DCF34-DAFB-4BC4-A807-A6321DCCA6EF}.Release|Any CPU.Build.0 = Release|Any CPU
		{285DCF34-DAFB-4BC4-A807-A6321DCCA6EF}.Release|ARM64.ActiveCfg = Release|Any CPU
		{285DCF34-DAFB-4BC4-A807-A6321DCCA6EF}.Release|ARM64.Build.0 = Release|Any CPU
		{285DCF34-DAFB-4BC4-A807-A6321DCCA6EF}.Release|x64.ActiveCfg = Release|Any CPU
		{285DCF34-DAFB-4BC4-A807-A6321DCCA6EF}.Release|x64.Build.0 = Release|Any CPU
		{285DCF34-DAFB-4BC4-A807-A6321DCCA6EF}.Release|x86.ActiveCfg = Release|Any CPU
		{285DCF34-DAFB-4BC4-A807-A6321DCCA6EF}.Release|x86.Build.0 = Release|Any CPU
		{A3A677CD-8068-4D5E-978C-31FE612C8042}.Debug|Any CPU.ActiveCfg = Debug|Any CPU
		{A3A677CD-8068-4D5E-978C-31FE612C8042}.Debug|Any CPU.Build.0 = Debug|Any CPU
		{A3A677CD-8068-4D5E-978C-31FE612C8042}.Debug|ARM64.ActiveCfg = Debug|Any CPU
		{A3A677CD-8068-4D5E-978C-31FE612C8042}.Debug|ARM64.Build.0 = Debug|Any CPU
		{A3A677CD-8068-4D5E-978C-31FE612C8042}.Debug|x64.ActiveCfg = Debug|Any CPU
		{A3A677CD-8068-4D5E-978C-31FE612C8042}.Debug|x64.Build.0 = Debug|Any CPU
		{A3A677CD-8068-4D5E-978C-31FE612C8042}.Debug|x86.ActiveCfg = Debug|Any CPU
		{A3A677CD-8068-4D5E-978C-31FE612C8042}.Debug|x86.Build.0 = Debug|Any CPU
		{A3A677CD-8068-4D5E-978C-31FE612C8042}.Release|Any CPU.ActiveCfg = Release|Any CPU
		{A3A677CD-8068-4D5E-978C-31FE612C8042}.Release|Any CPU.Build.0 = Release|Any CPU
		{A3A677CD-8068-4D5E-978C-31FE612C8042}.Release|ARM64.ActiveCfg = Release|Any CPU
		{A3A677CD-8068-4D5E-978C-31FE612C8042}.Release|ARM64.Build.0 = Release|Any CPU
		{A3A677CD-8068-4D5E-978C-31FE612C8042}.Release|x64.ActiveCfg = Release|Any CPU
		{A3A677CD-8068-4D5E-978C-31FE612C8042}.Release|x64.Build.0 = Release|Any CPU
		{A3A677CD-8068-4D5E-978C-31FE612C8042}.Release|x86.ActiveCfg = Release|Any CPU
		{A3A677CD-8068-4D5E-978C-31FE612C8042}.Release|x86.Build.0 = Release|Any CPU
	EndGlobalSection
	GlobalSection(SolutionProperties) = preSolution
		HideSolutionNode = FALSE
	EndGlobalSection
	GlobalSection(ExtensibilityGlobals) = postSolution
		SolutionGuid = {AB1F8FCE-4471-4ECA-9A08-1891BA871E62}
	EndGlobalSection
EndGlobal
